PODS:
  - anyline_tire_tread_plugin (1.1.0):
    - AnylineTireTreadSdk (= 12.0.1)
    - Flutter
  - AnylineTireTreadSdk (12.0.1)
  - device_info_plus (0.0.1):
    - Flutter
  - Flutter (1.0.0)
  - integration_test (0.0.1):
    - Flutter

DEPENDENCIES:
  - anyline_tire_tread_plugin (from `.symlinks/plugins/anyline_tire_tread_plugin/ios`)
  - device_info_plus (from `.symlinks/plugins/device_info_plus/ios`)
  - Flutter (from `Flutter`)
  - integration_test (from `.symlinks/plugins/integration_test/ios`)

SPEC REPOS:
  trunk:
    - AnylineTireTreadSdk

EXTERNAL SOURCES:
  anyline_tire_tread_plugin:
    :path: ".symlinks/plugins/anyline_tire_tread_plugin/ios"
  device_info_plus:
    :path: ".symlinks/plugins/device_info_plus/ios"
  Flutter:
    :path: Flutter
  integration_test:
    :path: ".symlinks/plugins/integration_test/ios"

SPEC CHECKSUMS:
  anyline_tire_tread_plugin: e88a42c725d8a49c365764e6ebc5568d16d58d44
  AnylineTireTreadSdk: ed49627f28f20633935f5f6dc3064b078011cb6b
  device_info_plus: bf2e3232933866d73fe290f2942f2156cdd10342
  Flutter: e0871f40cf51350855a761d2e70bf5af5b9b5de7
  integration_test: 252f60fa39af5e17c3aa9899d35d908a0721b573

PODFILE CHECKSUM: 819463e6a0290f5a72f145ba7cde16e8b6ef0796

COCOAPODS: 1.15.2
