PODS:
  - anyline_tire_tread_plugin (2.0.1):
    - AnylineTireTreadSdk (= 13.0.2)
    - Flutter
  - AnylineTireTreadSdk (13.0.2)
  - device_info_plus (0.0.1):
    - Flutter
  - Flutter (1.0.0)
  - integration_test (0.0.1):
    - Flutter

DEPENDENCIES:
  - anyline_tire_tread_plugin (from `.symlinks/plugins/anyline_tire_tread_plugin/ios`)
  - device_info_plus (from `.symlinks/plugins/device_info_plus/ios`)
  - Flutter (from `Flutter`)
  - integration_test (from `.symlinks/plugins/integration_test/ios`)

SPEC REPOS:
  trunk:
    - AnylineTireTreadSdk

EXTERNAL SOURCES:
  anyline_tire_tread_plugin:
    :path: ".symlinks/plugins/anyline_tire_tread_plugin/ios"
  device_info_plus:
    :path: ".symlinks/plugins/device_info_plus/ios"
  Flutter:
    :path: Flutter
  integration_test:
    :path: ".symlinks/plugins/integration_test/ios"

SPEC CHECKSUMS:
  anyline_tire_tread_plugin: 5b87a569d624c0b4bccb3dee2e612531b10918c6
  AnylineTireTreadSdk: eec126d7e5cdc09247720b585cc92ff9732d3b28
  device_info_plus: bf2e3232933866d73fe290f2942f2156cdd10342
  Flutter: e0871f40cf51350855a761d2e70bf5af5b9b5de7
  integration_test: 252f60fa39af5e17c3aa9899d35d908a0721b573

PODFILE CHECKSUM: 35ab6dbc143aa836835dc2d40ede947ad4709c22

COCOAPODS: 1.16.2
